<?xml version="1.0" encoding="utf-8"?>
<Project ToolsVersion="4.0" xmlns="http://schemas.microsoft.com/developer/msbuild/2003">
  <ItemGroup>
    <Filter Include="源文件">
      <UniqueIdentifier>{4FC737F1-C7A5-4376-A066-2A32D752A2FF}</UniqueIdentifier>
      <Extensions>cpp;c;cc;cxx;c++;cppm;ixx;def;odl;idl;hpj;bat;asm;asmx</Extensions>
    </Filter>
    <Filter Include="资源文件">
      <UniqueIdentifier>{67DA6AB6-F800-4c08-8B7A-83BB121AAD01}</UniqueIdentifier>
      <Extensions>rc;ico;cur;bmp;dlg;rc2;rct;bin;rgs;gif;jpg;jpeg;jpe;resx;tiff;tif;png;wav;mfcribbon-ms</Extensions>
    </Filter>
    <Filter Include="Resource">
      <UniqueIdentifier>{b239ba75-4285-483e-83dd-1031e35bb526}</UniqueIdentifier>
    </Filter>
    <Filter Include="Utility">
      <UniqueIdentifier>{abd453d1-0dc0-4f06-a2f6-9c192328b324}</UniqueIdentifier>
    </Filter>
    <Filter Include="RHI">
      <UniqueIdentifier>{7255d5d6-3028-4002-a6fd-ef28f0a8a136}</UniqueIdentifier>
    </Filter>
    <Filter Include="Render">
      <UniqueIdentifier>{db8a48f0-e9a3-4729-b8aa-b4be20476683}</UniqueIdentifier>
    </Filter>
    <Filter Include="Engine">
      <UniqueIdentifier>{8a7ecd79-9f11-4004-9b3a-b9199e070429}</UniqueIdentifier>
    </Filter>
  </ItemGroup>
  <ItemGroup>
    <ClInclude Include="src\Resource\ModelLoader.h">
      <Filter>Resource</Filter>
    </ClInclude>
    <ClInclude Include="src\Resource\ImageLoader.h">
      <Filter>Resource</Filter>
    </ClInclude>
    <ClInclude Include="src\Utility\RenderEnum.h">
      <Filter>Utility</Filter>
    </ClInclude>
    <ClInclude Include="src\RHI\RenderPass.h">
      <Filter>RHI</Filter>
    </ClInclude>
    <ClInclude Include="src\RHI\Image.h">
      <Filter>RHI</Filter>
    </ClInclude>
    <ClInclude Include="src\Render\Renderer.h">
      <Filter>Render</Filter>
    </ClInclude>
    <ClInclude Include="src\Render\DerferRenderer.h">
      <Filter>Render</Filter>
    </ClInclude>
    <ClInclude Include="src\Engine\Engine.h">
      <Filter>Engine</Filter>
    </ClInclude>
    <ClInclude Include="src\Utility\SingleTon.h">
      <Filter>Utility</Filter>
    </ClInclude>
    <ClInclude Include="src\Utility\Config.h">
      <Filter>Utility</Filter>
    </ClInclude>
    <ClInclude Include="src\Render\Window.h">
      <Filter>Render</Filter>
    </ClInclude>
    <ClInclude Include="src\Render\RenderBackend.h">
      <Filter>Render</Filter>
    </ClInclude>
    <ClInclude Include="src\RHI\VirtualFrame.h">
      <Filter>RHI</Filter>
    </ClInclude>
    <ClInclude Include="src\RHI\CommandBuffer.h">
      <Filter>RHI</Filter>
    </ClInclude>
    <ClInclude Include="src\RHI\Descriptor.h">
      <Filter>RHI</Filter>
    </ClInclude>
  </ItemGroup>
  <ItemGroup>
    <ClCompile Include="src\Resource\ModelLoader.cpp">
      <Filter>Resource</Filter>
    </ClCompile>
    <ClCompile Include="src\Resource\ImageLoader.cpp">
      <Filter>Resource</Filter>
    </ClCompile>
    <ClCompile Include="src\main.cpp">
      <Filter>源文件</Filter>
    </ClCompile>
    <ClCompile Include="src\RHI\RenderPass.cpp">
      <Filter>RHI</Filter>
    </ClCompile>
    <ClCompile Include="src\RHI\Image.cpp">
      <Filter>RHI</Filter>
    </ClCompile>
    <ClCompile Include="src\Engine\Engine.cpp">
      <Filter>Engine</Filter>
    </ClCompile>
    <ClCompile Include="src\Render\Window.cpp">
      <Filter>Render</Filter>
    </ClCompile>
    <ClCompile Include="src\Render\RenderBackend.cpp">
      <Filter>Render</Filter>
    </ClCompile>
    <ClCompile Include="src\RHI\VirtualFrame.cpp">
      <Filter>RHI</Filter>
    </ClCompile>
    <ClCompile Include="src\RHI\CommandBuffer.cpp">
      <Filter>RHI</Filter>
    </ClCompile>
    <ClCompile Include="src\RHI\Descriptor.cpp">
      <Filter>RHI</Filter>
    </ClCompile>
  </ItemGroup>
</Project>